<?xml version="1.0" encoding="utf-8"?>
<Project ToolsVersion="4.0" xmlns="http://schemas.microsoft.com/developer/msbuild/2003">
  <ItemGroup>
    <Filter Include="소스 파일">
      <UniqueIdentifier>{4FC737F1-C7A5-4376-A066-2A32D752A2FF}</UniqueIdentifier>
      <Extensions>cpp;c;cc;cxx;def;odl;idl;hpj;bat;asm;asmx</Extensions>
    </Filter>
    <Filter Include="헤더 파일">
      <UniqueIdentifier>{93995380-89BD-4b04-88EB-625FBE52EBFB}</UniqueIdentifier>
      <Extensions>h;hh;hpp;hxx;hm;inl;inc;ipp;xsd</Extensions>
    </Filter>
    <Filter Include="리소스 파일">
      <UniqueIdentifier>{67DA6AB6-F800-4c08-8B7A-83BB121AAD01}</UniqueIdentifier>
      <Extensions>rc;ico;cur;bmp;dlg;rc2;rct;bin;rgs;gif;jpg;jpeg;jpe;resx;tiff;tif;png;wav;mfcribbon-ms</Extensions>
    </Filter>
    <Filter Include="2DGameFramework">
      <UniqueIdentifier>{6f3d1e45-ab86-42a7-9a61-2bd45cd7872c}</UniqueIdentifier>
    </Filter>
    <Filter Include="playGround">
      <UniqueIdentifier>{95982806-068a-439b-ba72-8cb93f3609f5}</UniqueIdentifier>
    </Filter>
    <Filter Include="2DGameFramework\SingletonBase">
      <UniqueIdentifier>{fab0ad69-58ad-46bb-984d-736d10eee0f5}</UniqueIdentifier>
    </Filter>
    <Filter Include="2DGameFramework\Manager">
      <UniqueIdentifier>{05d340ae-7cae-42ce-831b-ae2b80a9b8c5}</UniqueIdentifier>
    </Filter>
    <Filter Include="2DGameFramework\image">
      <UniqueIdentifier>{161a019f-83fb-4aa5-a2bd-53b11c8888ac}</UniqueIdentifier>
    </Filter>
    <Filter Include="2DGameFramework\Utils">
      <UniqueIdentifier>{6649f313-dbf4-4ec9-afff-24f47b1a709e}</UniqueIdentifier>
    </Filter>
    <Filter Include="2DGameFramework\progressBar">
      <UniqueIdentifier>{2f09af2d-ecf1-47c1-8190-27c3eb4af701}</UniqueIdentifier>
    </Filter>
    <Filter Include="2DGameFramework\txtData">
      <UniqueIdentifier>{431e51a5-80a3-453e-b6b4-0a46c07862b8}</UniqueIdentifier>
    </Filter>
    <Filter Include="2DGameFramework\timer">
      <UniqueIdentifier>{903124e9-0a6f-4f4f-8a9b-cc25c6f3482b}</UniqueIdentifier>
    </Filter>
    <Filter Include="2DGameFramework\animation">
      <UniqueIdentifier>{206ac15a-4721-4c12-93be-e176c2715a13}</UniqueIdentifier>
    </Filter>
    <Filter Include="2DGameFramework\effect">
      <UniqueIdentifier>{b3284ef1-2dfe-42bb-bb2d-937dfd3982d5}</UniqueIdentifier>
    </Filter>
    <Filter Include="2DGameFramework\Event">
      <UniqueIdentifier>{87a9292b-dfa9-4a59-9fc9-a199b2fa13b8}</UniqueIdentifier>
    </Filter>
    <Filter Include="playGround\PixelColl">
      <UniqueIdentifier>{7c66492b-5311-4e18-89cc-927f2c6ebb38}</UniqueIdentifier>
    </Filter>
    <Filter Include="playGround\Enemy">
      <UniqueIdentifier>{65f197e3-2256-4ae4-8e80-29c97a48398e}</UniqueIdentifier>
    </Filter>
    <Filter Include="playGround\UI">
      <UniqueIdentifier>{fe524eec-3206-43f3-a31a-0fbb05d4eaa1}</UniqueIdentifier>
    </Filter>
    <Filter Include="playGround\StageManager">
      <UniqueIdentifier>{6c35e96c-c9ac-401b-91c5-145dad26415e}</UniqueIdentifier>
    </Filter>
    <Filter Include="playGround\GameObject">
      <UniqueIdentifier>{e03f229c-8a01-41ec-a193-d2959f03c536}</UniqueIdentifier>
    </Filter>
    <Filter Include="2DGameFramework\ZOrder">
      <UniqueIdentifier>{5fb3f29a-dda7-4042-8f54-ab966777edf5}</UniqueIdentifier>
    </Filter>
    <Filter Include="playGround\Player">
      <UniqueIdentifier>{f1cc0a04-b707-4496-a625-a40b579a0711}</UniqueIdentifier>
    </Filter>
    <Filter Include="playGround\Boss">
      <UniqueIdentifier>{60e7df76-71ee-4819-bce9-7655cccd5ab3}</UniqueIdentifier>
    </Filter>
    <Filter Include="playGround\StageManager\Obstacle">
      <UniqueIdentifier>{566b89b3-e7ac-4304-a81f-65d095419aa4}</UniqueIdentifier>
    </Filter>
    <Filter Include="playGround\StageManager\Item">
      <UniqueIdentifier>{030be54d-98b4-4c7d-b8af-8da5fa32e980}</UniqueIdentifier>
    </Filter>
    <Filter Include="playGround\StageManager\Stage">
      <UniqueIdentifier>{72bd1445-aaf2-4530-935e-53bb54ff8c70}</UniqueIdentifier>
    </Filter>
  </ItemGroup>
  <ItemGroup>
    <ClInclude Include="stdafx.h">
      <Filter>헤더 파일</Filter>
    </ClInclude>
    <ClInclude Include="targetver.h">
      <Filter>헤더 파일</Filter>
    </ClInclude>
    <ClInclude Include="Resource.h">
      <Filter>헤더 파일</Filter>
    </ClInclude>
    <ClInclude Include="windowsAPI.h">
      <Filter>헤더 파일</Filter>
    </ClInclude>
    <ClInclude Include="gameNode.h">
      <Filter>2DGameFramework</Filter>
    </ClInclude>
    <ClInclude Include="playGround.h">
      <Filter>playGround</Filter>
    </ClInclude>
    <ClInclude Include="randomFunction.h">
      <Filter>헤더 파일</Filter>
    </ClInclude>
    <ClInclude Include="keyManager.h">
      <Filter>2DGameFramework\Manager</Filter>
    </ClInclude>
    <ClInclude Include="image.h">
      <Filter>2DGameFramework\image</Filter>
    </ClInclude>
    <ClInclude Include="utils.h">
      <Filter>2DGameFramework\Utils</Filter>
    </ClInclude>
    <ClInclude Include="collision.h">
      <Filter>2DGameFramework\Utils</Filter>
    </ClInclude>
    <ClInclude Include="imageManager.h">
      <Filter>2DGameFramework\Manager</Filter>
    </ClInclude>
    <ClInclude Include="txtData.h">
      <Filter>2DGameFramework\txtData</Filter>
    </ClInclude>
    <ClInclude Include="timer.h">
      <Filter>2DGameFramework\timer</Filter>
    </ClInclude>
    <ClInclude Include="timeManager.h">
      <Filter>2DGameFramework\Manager</Filter>
    </ClInclude>
    <ClInclude Include="animation.h">
      <Filter>2DGameFramework\animation</Filter>
    </ClInclude>
    <ClInclude Include="effect.h">
      <Filter>2DGameFramework\effect</Filter>
    </ClInclude>
    <ClInclude Include="effectManager.h">
      <Filter>2DGameFramework\Manager</Filter>
    </ClInclude>
    <ClInclude Include="soundManager.h">
      <Filter>2DGameFramework\Manager</Filter>
    </ClInclude>
    <ClInclude Include="sceneManager.h">
      <Filter>2DGameFramework\Manager</Filter>
    </ClInclude>
    <ClInclude Include="cameraManager.h">
      <Filter>2DGameFramework\Manager</Filter>
    </ClInclude>
    <ClInclude Include="renderer.h">
      <Filter>헤더 파일</Filter>
    </ClInclude>
    <ClInclude Include="Transform.h">
      <Filter>헤더 파일</Filter>
    </ClInclude>
    <ClInclude Include="singletonBase.h">
      <Filter>2DGameFramework\SingletonBase</Filter>
    </ClInclude>
    <ClInclude Include="keyAniManager.h">
      <Filter>2DGameFramework\Manager</Filter>
    </ClInclude>
    <ClInclude Include="EventManager.h">
      <Filter>2DGameFramework\Event</Filter>
    </ClInclude>
    <ClInclude Include="Event.h">
      <Filter>2DGameFramework\Event</Filter>
    </ClInclude>
    <ClInclude Include="iniDataManager.h">
      <Filter>2DGameFramework\Manager</Filter>
    </ClInclude>
    <ClInclude Include="SaveLoad.h">
      <Filter>playGround\StageManager</Filter>
    </ClInclude>
    <ClInclude Include="GameObject.h">
      <Filter>playGround\GameObject</Filter>
    </ClInclude>
    <ClInclude Include="ObjectManager.h">
      <Filter>2DGameFramework\Manager</Filter>
    </ClInclude>
    <ClInclude Include="Zorder.h">
      <Filter>2DGameFramework\ZOrder</Filter>
    </ClInclude>
    <ClInclude Include="State.h">
      <Filter>playGround\Player</Filter>
    </ClInclude>
    <ClInclude Include="Player.h">
      <Filter>playGround\Player</Filter>
    </ClInclude>
    <ClInclude Include="Boss.h">
      <Filter>playGround\Boss</Filter>
    </ClInclude>
    <ClInclude Include="Item.h">
      <Filter>playGround\StageManager\Item</Filter>
    </ClInclude>
    <ClInclude Include="Desk.h">
      <Filter>playGround\StageManager\Obstacle</Filter>
    </ClInclude>
    <ClInclude Include="DestructiblePillar.h">
      <Filter>playGround\StageManager\Obstacle</Filter>
    </ClInclude>
    <ClInclude Include="ParentsObstacle.h">
      <Filter>playGround\StageManager\Obstacle</Filter>
    </ClInclude>
    <ClInclude Include="Table.h">
      <Filter>playGround\StageManager\Obstacle</Filter>
    </ClInclude>
    <ClInclude Include="UnDestructiblePillar.h">
      <Filter>playGround\StageManager\Obstacle</Filter>
    </ClInclude>
    <ClInclude Include="VendingMachine.h">
      <Filter>playGround\StageManager\Obstacle</Filter>
    </ClInclude>
    <ClInclude Include="ParentStage.h">
      <Filter>playGround\StageManager\Stage</Filter>
    </ClInclude>
    <ClInclude Include="StageManager.h">
      <Filter>playGround\StageManager\Stage</Filter>
    </ClInclude>
    <ClInclude Include="Stage1_1.h">
      <Filter>playGround\StageManager\Stage</Filter>
    </ClInclude>
    <ClInclude Include="Stage1_2.h">
      <Filter>playGround\StageManager\Stage</Filter>
    </ClInclude>
    <ClInclude Include="Stage1_Boss.h">
      <Filter>playGround\StageManager\Stage</Filter>
    </ClInclude>
    <ClInclude Include="Stage1_Start.h">
      <Filter>playGround\StageManager\Stage</Filter>
    </ClInclude>
    <ClInclude Include="AllObstacle.h">
      <Filter>playGround\StageManager\Obstacle</Filter>
    </ClInclude>
    <ClInclude Include="AllStage.h">
      <Filter>playGround\StageManager\Stage</Filter>
    </ClInclude>
    <ClInclude Include="pixelCollsion.h">
      <Filter>playGround\PixelColl</Filter>
    </ClInclude>
    <ClInclude Include="CharacterSelectScene.h">
      <Filter>playGround\UI</Filter>
    </ClInclude>
    <ClInclude Include="IntroMenuScene.h">
      <Filter>playGround\UI</Filter>
    </ClInclude>
    <ClInclude Include="LoadingScene.h">
      <Filter>playGround\UI</Filter>
    </ClInclude>
    <ClInclude Include="Movies.h">
      <Filter>playGround\UI</Filter>
    </ClInclude>
    <ClInclude Include="VideoScene.h">
      <Filter>playGround\UI</Filter>
    </ClInclude>
    <ClInclude Include="progressBar.h">
      <Filter>2DGameFramework\progressBar</Filter>
    </ClInclude>
    <ClInclude Include="AllUI.h">
      <Filter>playGround\UI</Filter>
    </ClInclude>
    <ClInclude Include="SelectMenuScene.h">
      <Filter>playGround\UI</Filter>
    </ClInclude>
    <ClInclude Include="MovieManager.h">
      <Filter>playGround\UI</Filter>
    </ClInclude>
    <ClInclude Include="InGameUI.h">
      <Filter>playGround\UI</Filter>
    </ClInclude>
    <ClInclude Include="BossProgressBar.h">
      <Filter>2DGameFramework\progressBar</Filter>
    </ClInclude>
    <ClInclude Include="commonMacroFunction.h">
      <Filter>헤더 파일</Filter>
    </ClInclude>
    <ClInclude Include="Enemy.h">
      <Filter>playGround\Enemy</Filter>
    </ClInclude>
    <ClInclude Include="SchoolGirl.h">
      <Filter>playGround\Enemy</Filter>
    </ClInclude>
  </ItemGroup>
  <ItemGroup>
    <ClCompile Include="stdafx.cpp">
      <Filter>소스 파일</Filter>
    </ClCompile>
    <ClCompile Include="windowsAPI.cpp">
      <Filter>소스 파일</Filter>
    </ClCompile>
    <ClCompile Include="gameNode.cpp">
      <Filter>2DGameFramework</Filter>
    </ClCompile>
    <ClCompile Include="playGround.cpp">
      <Filter>playGround</Filter>
    </ClCompile>
    <ClCompile Include="keyManager.cpp">
      <Filter>2DGameFramework\Manager</Filter>
    </ClCompile>
    <ClCompile Include="image.cpp">
      <Filter>2DGameFramework\image</Filter>
    </ClCompile>
    <ClCompile Include="utils.cpp">
      <Filter>2DGameFramework\Utils</Filter>
    </ClCompile>
    <ClCompile Include="collision.cpp">
      <Filter>2DGameFramework\Utils</Filter>
    </ClCompile>
    <ClCompile Include="imageManager.cpp">
      <Filter>2DGameFramework\Manager</Filter>
    </ClCompile>
    <ClCompile Include="txtData.cpp">
      <Filter>2DGameFramework\txtData</Filter>
    </ClCompile>
    <ClCompile Include="timer.cpp">
      <Filter>2DGameFramework\timer</Filter>
    </ClCompile>
    <ClCompile Include="timeManager.cpp">
      <Filter>2DGameFramework\Manager</Filter>
    </ClCompile>
    <ClCompile Include="animation.cpp">
      <Filter>2DGameFramework\animation</Filter>
    </ClCompile>
    <ClCompile Include="effect.cpp">
      <Filter>2DGameFramework\effect</Filter>
    </ClCompile>
    <ClCompile Include="effectManager.cpp">
      <Filter>2DGameFramework\Manager</Filter>
    </ClCompile>
    <ClCompile Include="soundManager.cpp">
      <Filter>2DGameFramework\Manager</Filter>
    </ClCompile>
    <ClCompile Include="sceneManager.cpp">
      <Filter>2DGameFramework\Manager</Filter>
    </ClCompile>
    <ClCompile Include="cameraManager.cpp">
      <Filter>2DGameFramework\Manager</Filter>
    </ClCompile>
    <ClCompile Include="renderer.cpp">
      <Filter>소스 파일</Filter>
    </ClCompile>
    <ClCompile Include="Transform.cpp">
      <Filter>소스 파일</Filter>
    </ClCompile>
    <ClCompile Include="keyAniManager.cpp">
      <Filter>2DGameFramework\Manager</Filter>
    </ClCompile>
    <ClCompile Include="EventManager.cpp">
      <Filter>2DGameFramework\Event</Filter>
    </ClCompile>
    <ClCompile Include="Event.cpp">
      <Filter>2DGameFramework\Event</Filter>
    </ClCompile>
    <ClCompile Include="iniDataManager.cpp">
      <Filter>2DGameFramework\Manager</Filter>
    </ClCompile>
    <ClCompile Include="SaveLoad.cpp">
      <Filter>playGround\StageManager</Filter>
    </ClCompile>
    <ClCompile Include="GameObject.cpp">
      <Filter>playGround\GameObject</Filter>
    </ClCompile>
    <ClCompile Include="ObjectManager.cpp">
      <Filter>2DGameFramework\Manager</Filter>
    </ClCompile>
    <ClCompile Include="Zorder.cpp">
      <Filter>2DGameFramework\ZOrder</Filter>
    </ClCompile>
    <ClCompile Include="State.cpp">
      <Filter>playGround\Player</Filter>
    </ClCompile>
    <ClCompile Include="Boss.cpp">
      <Filter>playGround\Boss</Filter>
    </ClCompile>
    <ClCompile Include="Item.cpp">
      <Filter>playGround\StageManager\Item</Filter>
    </ClCompile>
    <ClCompile Include="Desk.cpp">
      <Filter>playGround\StageManager\Obstacle</Filter>
    </ClCompile>
    <ClCompile Include="DestructiblePillar.cpp">
      <Filter>playGround\StageManager\Obstacle</Filter>
    </ClCompile>
    <ClCompile Include="ParentsObstacle.cpp">
      <Filter>playGround\StageManager\Obstacle</Filter>
    </ClCompile>
    <ClCompile Include="Table.cpp">
      <Filter>playGround\StageManager\Obstacle</Filter>
    </ClCompile>
    <ClCompile Include="UnDestructiblePillar.cpp">
      <Filter>playGround\StageManager\Obstacle</Filter>
    </ClCompile>
    <ClCompile Include="VendingMachine.cpp">
      <Filter>playGround\StageManager\Obstacle</Filter>
    </ClCompile>
    <ClCompile Include="ParentStage.cpp">
      <Filter>playGround\StageManager\Stage</Filter>
    </ClCompile>
    <ClCompile Include="StageManager.cpp">
      <Filter>playGround\StageManager\Stage</Filter>
    </ClCompile>
    <ClCompile Include="Stage1_1.cpp">
      <Filter>playGround\StageManager\Stage</Filter>
    </ClCompile>
    <ClCompile Include="Stage1_2.cpp">
      <Filter>playGround\StageManager\Stage</Filter>
    </ClCompile>
    <ClCompile Include="Stage1_Boss.cpp">
      <Filter>playGround\StageManager\Stage</Filter>
    </ClCompile>
    <ClCompile Include="Stage1_Start.cpp">
      <Filter>playGround\StageManager\Stage</Filter>
    </ClCompile>
    <ClCompile Include="Player.cpp">
      <Filter>playGround\Player</Filter>
    </ClCompile>
    <ClCompile Include="pixelCollsion.cpp">
      <Filter>playGround\PixelColl</Filter>
    </ClCompile>
    <ClCompile Include="CharacterSelectScene.cpp">
      <Filter>playGround\UI</Filter>
    </ClCompile>
    <ClCompile Include="IntroMenuScene.cpp">
      <Filter>playGround\UI</Filter>
    </ClCompile>
    <ClCompile Include="LoadingScene.cpp">
      <Filter>playGround\UI</Filter>
    </ClCompile>
    <ClCompile Include="Movies.cpp">
      <Filter>playGround\UI</Filter>
    </ClCompile>
    <ClCompile Include="VideoScene.cpp">
      <Filter>playGround\UI</Filter>
    </ClCompile>
    <ClCompile Include="progressBar.cpp">
      <Filter>2DGameFramework\progressBar</Filter>
    </ClCompile>
    <ClCompile Include="SelectMenuScene.cpp">
      <Filter>playGround\UI</Filter>
    </ClCompile>
    <ClCompile Include="InGameUI.cpp">
      <Filter>playGround\UI</Filter>
    </ClCompile>
    <ClCompile Include="BossProgressBar.cpp">
      <Filter>2DGameFramework\progressBar</Filter>
    </ClCompile>
    <ClCompile Include="Enemy.cpp">
      <Filter>playGround\Enemy</Filter>
    </ClCompile>
    <ClCompile Include="SchoolGirl.cpp">
      <Filter>playGround\Enemy</Filter>
    </ClCompile>
  </ItemGroup>
  <ItemGroup>
    <ResourceCompile Include="windowsAPI.rc">
      <Filter>리소스 파일</Filter>
    </ResourceCompile>
  </ItemGroup>
  <ItemGroup>
    <Image Include="small.ico">
      <Filter>리소스 파일</Filter>
    </Image>
    <Image Include="windowsAPI.ico">
      <Filter>리소스 파일</Filter>
    </Image>
  </ItemGroup>
</Project>